# THIS IS AN AUTOGENERATED FILE. DO NOT EDIT THIS FILE DIRECTLY.
# yarn lockfile v1


"@babel/runtime@^7.12.5":
  version "7.12.5"
  resolved "https://registry.npmjs.org/@babel/runtime/-/runtime-7.12.5.tgz#410e7e487441e1b360c29be715d870d9b985882e"
  integrity sha512-plcc+hbExy3McchJCEQG3knOsuh3HH+Prx1P6cLIkET/0dLuQDEnrT+s27Axgc9bqfsmNUNHfscgMUdBpC9xfg==
  dependencies:
    regenerator-runtime "^0.13.4"

"@hapi/address@^4.0.1":
  version "4.1.0"
  resolved "https://registry.npmjs.org/@hapi/address/-/address-4.1.0.tgz#d60c5c0d930e77456fdcde2598e77302e2955e1d"
  integrity sha512-SkszZf13HVgGmChdHo/PxchnSaCJ6cetVqLzyciudzZRT0jcOouIF/Q93mgjw8cce+D+4F4C1Z/WrfFN+O3VHQ==
  dependencies:
    "@hapi/hoek" "^9.0.0"

"@hapi/boom@^9.1.1":
  version "9.1.1"
  resolved "https://registry.npmjs.org/@hapi/boom/-/boom-9.1.1.tgz#89e6f0e01637c2a4228da0d113e8157c93677b04"
  integrity sha512-VNR8eDbBrOxBgbkddRYIe7+8DZ+vSbV6qlmaN2x7eWjsUjy2VmQgChkOKcVZIeupEZYj+I0dqNg430OhwzagjA==
  dependencies:
    "@hapi/hoek" "9.x.x"

"@hapi/formula@^2.0.0":
  version "2.0.0"
  resolved "https://registry.npmjs.org/@hapi/formula/-/formula-2.0.0.tgz#edade0619ed58c8e4f164f233cda70211e787128"
  integrity sha512-V87P8fv7PI0LH7LiVi8Lkf3x+KCO7pQozXRssAHNXXL9L1K+uyu4XypLXwxqVDKgyQai6qj3/KteNlrqDx4W5A==

"@hapi/hoek@9.x.x", "@hapi/hoek@^9.0.0":
  version "9.0.4"
  resolved "https://registry.npmjs.org/@hapi/hoek/-/hoek-9.0.4.tgz#e80ad4e8e8d2adc6c77d985f698447e8628b6010"
  integrity sha512-EwaJS7RjoXUZ2cXXKZZxZqieGtc7RbvQhUy8FwDoMQtxWVi14tFjeFCYPZAM1mBCpOpiBpyaZbb9NeHc7eGKgw==

"@hapi/joi@^17.1.1":
  version "17.1.1"
  resolved "https://registry.npmjs.org/@hapi/joi/-/joi-17.1.1.tgz#9cc8d7e2c2213d1e46708c6260184b447c661350"
  integrity sha512-p4DKeZAoeZW4g3u7ZeRo+vCDuSDgSvtsB/NpfjXEHTUjSeINAi/RrVOWiVQ1isaoLzMvFEhe8n5065mQq1AdQg==
  dependencies:
    "@hapi/address" "^4.0.1"
    "@hapi/formula" "^2.0.0"
    "@hapi/hoek" "^9.0.0"
    "@hapi/pinpoint" "^2.0.0"
    "@hapi/topo" "^5.0.0"

"@hapi/pinpoint@^2.0.0":
  version "2.0.0"
  resolved "https://registry.npmjs.org/@hapi/pinpoint/-/pinpoint-2.0.0.tgz#805b40d4dbec04fc116a73089494e00f073de8df"
  integrity sha512-vzXR5MY7n4XeIvLpfl3HtE3coZYO4raKXW766R6DZw/6aLqR26iuZ109K7a0NtF2Db0jxqh7xz2AxkUwpUFybw==

"@hapi/topo@^5.0.0":
  version "5.0.0"
  resolved "https://registry.npmjs.org/@hapi/topo/-/topo-5.0.0.tgz#c19af8577fa393a06e9c77b60995af959be721e7"
  integrity sha512-tFJlT47db0kMqVm3H4nQYgn6Pwg10GTZHb1pwmSiv1K4ks6drQOtfEF5ZnPjkvC+y4/bUPHK+bc87QvLcL+WMw==
  dependencies:
    "@hapi/hoek" "^9.0.0"

"@sideway/address@^4.1.0":
  version "4.1.0"
  resolved "https://registry.npmjs.org/@sideway/address/-/address-4.1.0.tgz#0b301ada10ac4e0e3fa525c90615e0b61a72b78d"
  integrity sha512-wAH/JYRXeIFQRsxerIuLjgUu2Xszam+O5xKeatJ4oudShOOirfmsQ1D6LL54XOU2tizpCYku+s1wmU0SYdpoSA==
  dependencies:
    "@hapi/hoek" "^9.0.0"

"@sideway/formula@^3.0.0":
  version "3.0.0"
  resolved "https://registry.npmjs.org/@sideway/formula/-/formula-3.0.0.tgz#fe158aee32e6bd5de85044be615bc08478a0a13c"
  integrity sha512-vHe7wZ4NOXVfkoRb8T5otiENVlT7a3IAiw7H5M2+GO+9CDgcVUUsX1zalAztCmwyOr2RUTGJdgB+ZvSVqmdHmg==

"@sideway/pinpoint@^2.0.0":
  version "2.0.0"
  resolved "https://registry.npmjs.org/@sideway/pinpoint/-/pinpoint-2.0.0.tgz#cff8ffadc372ad29fd3f78277aeb29e632cc70df"
  integrity sha512-RNiOoTPkptFtSVzQevY/yWtZwf/RxyVnPy/OcA9HBM3MlGDnBEYL5B41H0MTn0Uec8Hi+2qUtTfG2WWZBmMejQ==

"@types/joi@^17.2.3":
  version "17.2.3"
  resolved "https://registry.npmjs.org/@types/joi/-/joi-17.2.3.tgz#b7768ed9d84f1ebd393328b9f97c1cf3d2b94798"
  integrity sha512-dGjs/lhrWOa+eO0HwgxCSnDm5eMGCsXuvLglMghJq32F6q5LyyNuXb41DHzrg501CKNOSSAHmfB7FDGeUnDmzw==
  dependencies:
    joi "*"

"@types/lodash@^4.14.153":
  version "4.14.158"
  resolved "https://registry.npmjs.org/@types/lodash/-/lodash-4.14.158.tgz#b38ea8b6fe799acd076d7a8d7ab71c26ef77f785"
  integrity sha512-InCEXJNTv/59yO4VSfuvNrZHt7eeNtWQEgnieIA+mIC+MOWM9arOWG2eQ8Vhk6NbOre6/BidiXhkZYeDY9U35w==

"@types/multipipe@^3.0.0":
  version "3.0.0"
  resolved "https://registry.yarnpkg.com/@types/multipipe/-/multipipe-3.0.0.tgz#9244deb7576e2c9776452b0223ebfb81d2c80bba"
  integrity sha512-CbhyiQkqlGTacMjyw64y1/jIFBJr0TKPefLyUyXmIhabNv5rA8X1+60ss3TjlLoM3JsK288HVyPwTnO0nHawJA==
  dependencies:
    "@types/node" "*"

"@types/node@*":
  version "14.0.27"
  resolved "https://registry.npmjs.org/@types/node/-/node-14.0.27.tgz#a151873af5a5e851b51b3b065c9e63390a9e0eb1"
  integrity sha512-kVrqXhbclHNHGu9ztnAwSncIgJv/FaxmzXJvGXNdcCpV1b8u1/Mi6z6m0vwy0LzKeXFTPLH0NzwmoJ3fNCIq0g==

"@types/node@^14.14.22":
  version "14.14.22"
  resolved "https://registry.npmjs.org/@types/node/-/node-14.14.22.tgz#0d29f382472c4ccf3bd96ff0ce47daf5b7b84b18"
  integrity sha512-g+f/qj/cNcqKkc3tFqlXOYjrmZA+jNBiDzbP3kH+B+otKFqAdPgVTGP1IeKRdMml/aE69as5S4FqtxAbl+LaMw==

"@types/pino-std-serializers@*":
  version "2.4.1"
  resolved "https://registry.npmjs.org/@types/pino-std-serializers/-/pino-std-serializers-2.4.1.tgz#f8bd52a209c8b3c97d1533b1ba27f57c816382bf"
  integrity sha512-17XcksO47M24IVTVKPeAByWUd3Oez7EbIjXpSbzMPhXVzgjGtrOa49gKBwxH9hb8dKv58OelsWQ+A1G1l9S3wQ==
  dependencies:
    "@types/node" "*"

"@types/pino@^6.3.5":
  version "6.3.5"
  resolved "https://registry.npmjs.org/@types/pino/-/pino-6.3.5.tgz#758734942f9234a6057fe66d0f7cd7e309d617f7"
  integrity sha512-l3MXskUBef0KnHtEaOMq0OdPDG5+9nRNP3AmeuW+RJCIbOPRuVaEhJUCe5xE9LGPqgU4psF0okb38h1tp2ZVZw==
  dependencies:
    "@types/node" "*"
    "@types/pino-std-serializers" "*"
    "@types/sonic-boom" "*"

"@types/puppeteer-core@^5.4.0":
  version "5.4.0"
  resolved "https://registry.npmjs.org/@types/puppeteer-core/-/puppeteer-core-5.4.0.tgz#880a7917b4ede95cbfe2d5e81a558cfcb072c0fb"
  integrity sha512-yqRPuv4EFcSkTyin6Yy17pN6Qz2vwVwTCJIDYMXbE3j8vTPhv0nCQlZOl5xfi0WHUkqvQsjAR8hAfjeMCoetwg==
  dependencies:
    "@types/puppeteer" "*"

"@types/puppeteer@*":
  version "3.0.1"
  resolved "https://registry.npmjs.org/@types/puppeteer/-/puppeteer-3.0.1.tgz#053ec20facc162b25a64785affccaa3e5817c607"
  integrity sha512-t03eNKCvWJXhQ8wkc5C6GYuSqMEdKLOX0GLMGtks25YZr38wKZlKTwGM/BoAPVtdysX7Bb9tdwrDS1+NrW3RRA==
  dependencies:
    "@types/node" "*"

"@types/sonic-boom@*":
  version "0.7.0"
  resolved "https://registry.npmjs.org/@types/sonic-boom/-/sonic-boom-0.7.0.tgz#38337036293992a1df65dd3161abddf8fb9b7176"
  integrity sha512-AfqR0fZMoUXUNwusgXKxcE9DPlHNDHQp6nKYUd4PSRpLobF5CCevSpyTEBcVZreqaWKCnGBr9KI1fHMTttoB7A==
  dependencies:
    "@types/node" "*"

"@types/string-strip-html@^5.0.0":
  version "5.0.0"
  resolved "https://registry.yarnpkg.com/@types/string-strip-html/-/string-strip-html-5.0.0.tgz#96c4052d07e14e700b898dd4edc3d7ea79d34b28"
  integrity sha512-+mdBIb+pxJ9SLwtjc2DgolMm8U7CG6qBdCevkjSsFB7ehJ0EExFd2ltKQ6m9CoKitqXwe6Tx5h+fAcklGQD0Bw==

"@types/subtitle@^2.0.2":
  version "2.0.2"
  resolved "https://registry.npmjs.org/@types/subtitle/-/subtitle-2.0.2.tgz#4df70f2a7db3df55c6e692ebce8b240dc4c862bd"
  integrity sha512-qmQUnwQ9+WQA/3RyzAFZ6ZUaO9g6iTUb6aW+4B1KSr5rhLsY+B1z/8CHOFND91R5pbEISuJPFoFXvPwu9eLNvw==

"@types/yauzl@^2.9.1":
  version "2.9.1"
  resolved "https://registry.npmjs.org/@types/yauzl/-/yauzl-2.9.1.tgz#d10f69f9f522eef3cf98e30afb684a1e1ec923af"
  integrity sha512-A1b8SU4D10uoPjwb0lnHmmu8wZhR9d+9o2PKBQT2jU5YPTKsxac6M2qGAdY7VcL+dHHhARVUDmeg0rOrcd9EjA==
  dependencies:
    "@types/node" "*"

"@vercel/node@^1.9.0":
  version "1.9.0"
  resolved "https://registry.npmjs.org/@vercel/node/-/node-1.9.0.tgz#6b64f3b9a962ddb1089276fad00f441a1f4b9cf0"
  integrity sha512-Vk/ZpuY4Cdc8oUwBi/kf8qETRaJb/KYdFddVkLuS10QwA0yJx+RQ11trhZ1KFUdc27aBr5S2k8/dDxK8sLr+IA==
  dependencies:
    "@types/node" "*"
    ts-node "8.9.1"
    typescript "3.9.3"

agent-base@5:
  version "5.1.1"
  resolved "https://registry.npmjs.org/agent-base/-/agent-base-5.1.1.tgz#e8fb3f242959db44d63be665db7a8e739537a32c"
  integrity sha512-TMeqbNl2fMW0nMjTEPOwe3J/PRFP4vqeoNuQMG0HlMrtm5QxKqdvAkZ1pRBQ/ulIyDD5Yq0nJ7YbdD8ey0TO3g==

arg@^4.1.0:
  version "4.1.3"
  resolved "https://registry.npmjs.org/arg/-/arg-4.1.3.tgz#269fc7ad5b8e42cb63c896d5666017261c144089"
  integrity sha512-58S9QDqG0Xx27YwPSt9fJxivjYl432YCwfDMfZ+71RAqUrZef7LrKQZ3LHLOwCS4FLNBplP533Zx895SeOCHvA==

atomic-sleep@^1.0.0:
  version "1.0.0"
  resolved "https://registry.npmjs.org/atomic-sleep/-/atomic-sleep-1.0.0.tgz#eb85b77a601fc932cfe432c5acd364a9e2c9075b"
  integrity sha512-kNOjDqAh7px0XWNI+4QbzoiR/nTkHAWNud2uvnJquD1/x5a7EQZMJT0AczqK0Qn67oY/TTQ1LbUKajZpp3I9tQ==

axios@^0.21.1:
  version "0.21.1"
  resolved "https://registry.npmjs.org/axios/-/axios-0.21.1.tgz#22563481962f4d6bde9a76d516ef0e5d3c09b2b8"
  integrity sha512-dKQiRHxGD9PPRIUNIWvZhPTPpl1rf/OxTYKsqKUDjBwYylTvV7SjSHJb9ratfyzM6wCdLCOYLzs73qpg5c4iGA==
  dependencies:
    follow-redirects "^1.10.0"

balanced-match@^1.0.0:
  version "1.0.0"
  resolved "https://registry.npmjs.org/balanced-match/-/balanced-match-1.0.0.tgz#89b4d199ab2bee49de164ea02b89ce462d71b767"
  integrity sha1-ibTRmasr7kneFk6gK4nORi1xt2c=

base64-js@^1.0.2:
  version "1.3.1"
  resolved "https://registry.npmjs.org/base64-js/-/base64-js-1.3.1.tgz#58ece8cb75dd07e71ed08c736abc5fac4dbf8df1"
  integrity sha512-mLQ4i2QO1ytvGWFWmcngKO//JXAQueZvwEKtjgQFM4jIK0kU+ytMfplL8j+n5mspOfjHwoAg+9yhb7BwAHm36g==

batch2@^1.0.6:
  version "1.0.6"
  resolved "https://registry.npmjs.org/batch2/-/batch2-1.0.6.tgz#fd895cb92decc4277cae01bbc281354e0b1d7786"
  integrity sha512-xZsZx73HfBcoUMITZwqRF+gO5RGx5Sf+hZjmxoRuu8xpYM003aSDM7uwKKbmATJG1Kuc5Rs0kck/0ALpOnue0w==
  dependencies:
    through2 "^3.0.1"

big-integer@^1.6.48:
  version "1.6.48"
  resolved "https://registry.npmjs.org/big-integer/-/big-integer-1.6.48.tgz#8fd88bd1632cba4a1c8c3e3d7159f08bb95b4b9e"
  integrity sha512-j51egjPa7/i+RdiRuJbPdJ2FIUYYPhvYLjzoYbcMMm62ooO6F94fETG4MTs46zPAF9Brs04OajboA/qTGuz78w==

bignumber.js@^9.0.0:
  version "9.0.0"
  resolved "https://registry.npmjs.org/bignumber.js/-/bignumber.js-9.0.0.tgz#805880f84a329b5eac6e7cb6f8274b6d82bdf075"
  integrity sha512-t/OYhhJ2SD+YGBQcjY8GzzDHEk9f3nerxjtfa6tlMXfe7frs/WozhvCNoGvpM0P3bNf3Gq5ZRMlGr5f3r4/N8A==

bl@^4.0.1:
  version "4.0.2"
  resolved "https://registry.npmjs.org/bl/-/bl-4.0.2.tgz#52b71e9088515d0606d9dd9cc7aa48dc1f98e73a"
  integrity sha512-j4OH8f6Qg2bGuWfRiltT2HYGx0e1QcBTrK9KAHNMwMZdQnDZFk0ZSYIpADjYCB3U12nicC5tVJwSIhwOWjb4RQ==
  dependencies:
    buffer "^5.5.0"
    inherits "^2.0.4"
    readable-stream "^3.4.0"

boolean@^3.0.2:
  version "3.0.2"
  resolved "https://registry.npmjs.org/boolean/-/boolean-3.0.2.tgz#df1baa18b6a2b0e70840475e1d93ec8fe75b2570"
  integrity sha512-RwywHlpCRc3/Wh81MiCKun4ydaIFyW5Ea6JbL6sRCVx5q5irDw7pMXBUFYF/jArQ6YrG36q0kpovc9P/Kd3I4g==

brace-expansion@^1.1.7:
  version "1.1.11"
  resolved "https://registry.npmjs.org/brace-expansion/-/brace-expansion-1.1.11.tgz#3c7fcbf529d87226f3d2f52b966ff5271eb441dd"
  integrity sha512-iCuPHDFgrHX7H2vEI/5xpz07zSHB00TpugqhmYtVmMO6518mCuRMoOYFldEBl0g187ufozdaHgWKcYFb61qGiA==
  dependencies:
    balanced-match "^1.0.0"
    concat-map "0.0.1"

buffer-crc32@~0.2.3:
  version "0.2.13"
  resolved "https://registry.npmjs.org/buffer-crc32/-/buffer-crc32-0.2.13.tgz#0d333e3f00eac50aa1454abd30ef8c2a5d9a7242"
  integrity sha1-DTM+PwDqxQqhRUq9MO+MKl2ackI=

buffer-from@^1.0.0:
  version "1.1.1"
  resolved "https://registry.npmjs.org/buffer-from/-/buffer-from-1.1.1.tgz#32713bc028f75c02fdb710d7c7bcec1f2c6070ef"
  integrity sha512-MQcXEUbCKtEo7bhqEs6560Hyd4XaovZlO/k9V3hjVUF/zwW7KBVdSK4gIt/bzwS9MbR5qob+F5jusZsb0YQK2A==

buffer@^5.2.1, buffer@^5.5.0:
  version "5.6.0"
  resolved "https://registry.npmjs.org/buffer/-/buffer-5.6.0.tgz#a31749dc7d81d84db08abf937b6b8c4033f62786"
  integrity sha512-/gDYp/UtU0eA1ys8bOs9J6a+E/KWIY+DZ+Q2WESNUA0jFRsJOc0SNUO6xJ5SGA1xueg3NL65W6s+NY5l9cunuw==
  dependencies:
    base64-js "^1.0.2"
    ieee754 "^1.1.4"

chownr@^1.1.1:
  version "1.1.4"
  resolved "https://registry.npmjs.org/chownr/-/chownr-1.1.4.tgz#6fc9d7b42d32a583596337666e7d08084da2cc6b"
  integrity sha512-jJ0bqzaylmJtVnNgzTeSOs8DPavpbYgEr/b0YL8/2GO3xJEhInFmhKMUnEJQjZumK7KXGFhUy89PrsJWlakBVg==

chrome-aws-lambda@5.5.0:
  version "5.5.0"
  resolved "https://registry.npmjs.org/chrome-aws-lambda/-/chrome-aws-lambda-5.5.0.tgz#5b011d1596020b6ab4b92b010e427da1be6fc628"
  integrity sha512-nYSDzTsVEVsvIFaUUAUN53ulXBLKSRXFS+eVYZOLZD5SA1If59rqBAiy4raMgorQwXWqjSsjK1SF4As+qzPLqA==
  dependencies:
    lambdafs "^2.0.0"

commander@^5.0.0:
  version "5.1.0"
  resolved "https://registry.npmjs.org/commander/-/commander-5.1.0.tgz#46abbd1652f8e059bddaef99bbdcb2ad9cf179ae"
  integrity sha512-P0CysNDQ7rtVw4QIQtm+MRxV66vKFSvlsQvGYXZWR3qFU0jlMKHZZZgw8e+8DSah4UDKMqnknRDQz+xuQXQ/Zg==

concat-map@0.0.1:
  version "0.0.1"
  resolved "https://registry.npmjs.org/concat-map/-/concat-map-0.0.1.tgz#d8a96bd77fd68df7793a73036a3ba0d5405d477b"
  integrity sha1-2Klr13/Wjfd5OnMDajug1UBdR3s=

core-util-is@~1.0.0:
  version "1.0.2"
  resolved "https://registry.yarnpkg.com/core-util-is/-/core-util-is-1.0.2.tgz#b5fd54220aa2bc5ab57aab7140c940754503c1a7"
  integrity sha1-tf1UIgqivFq1eqtxQMlAdUUDwac=

debug@4, debug@^4.1.0, debug@^4.1.1:
  version "4.1.1"
  resolved "https://registry.npmjs.org/debug/-/debug-4.1.1.tgz#3b72260255109c6b589cee050f1d516139664791"
  integrity sha512-pYAIzeRo8J6KPEaJ0VWOh5Pzkbw/RetuzehGM7QRRX5he4fPHx2rdKMB256ehJCkX+XRQm16eZLqLNS8RSZXZw==
  dependencies:
    ms "^2.1.1"

decimal.js@^10.2.0:
  version "10.2.0"
  resolved "https://registry.npmjs.org/decimal.js/-/decimal.js-10.2.0.tgz#39466113a9e036111d02f82489b5fd6b0b5ed231"
  integrity sha512-vDPw+rDgn3bZe1+F/pyEwb1oMG2XTlRVgAa6B4KccTEpYgF8w6eQllVbQcfIJnZyvzFtFpxnpGtx8dd7DJp/Rw==

decode-uri-component@^0.2.0:
  version "0.2.0"
  resolved "https://registry.npmjs.org/decode-uri-component/-/decode-uri-component-0.2.0.tgz#eb3913333458775cb84cd1a1fae062106bb87545"
  integrity sha1-6zkTMzRYd1y4TNGh+uBiEGu4dUU=

devtools-protocol@0.0.818844:
  version "0.0.818844"
  resolved "https://registry.npmjs.org/devtools-protocol/-/devtools-protocol-0.0.818844.tgz#d1947278ec85b53e4c8ca598f607a28fa785ba9e"
  integrity sha512-AD1hi7iVJ8OD0aMLQU5VK0XH9LDlA1+BcPIgrAxPfaibx2DbWucuyOhc4oyQCbnvDDO68nN6/LcKfqTP343Jjg==

diff@^4.0.1:
  version "4.0.2"
  resolved "https://registry.npmjs.org/diff/-/diff-4.0.2.tgz#60f3aecb89d5fae520c11aa19efc2bb982aade7d"
  integrity sha512-58lmxKSA4BNyLz+HHMUzlOEpg09FV+ev6ZMe3vJihgdxzgcwZ8VoEEPmALCZG9LmqfVoNMMKpttIYTVG6uDY7A==

duplexer2@^0.1.2:
  version "0.1.4"
  resolved "https://registry.yarnpkg.com/duplexer2/-/duplexer2-0.1.4.tgz#8b12dab878c0d69e3e7891051662a32fc6bddcc1"
  integrity sha1-ixLauHjA1p4+eJEFFmKjL8a93ME=
  dependencies:
    readable-stream "^2.0.2"

duplexify@^4.1.1:
  version "4.1.1"
  resolved "https://registry.npmjs.org/duplexify/-/duplexify-4.1.1.tgz#7027dc374f157b122a8ae08c2d3ea4d2d953aa61"
  integrity sha512-DY3xVEmVHTv1wSzKNbwoU6nVjzI369Y6sPoqfYr0/xlx3IdX2n94xIszTcjPO8W8ZIv0Wb0PXNcjuZyT4wiICA==
  dependencies:
    end-of-stream "^1.4.1"
    inherits "^2.0.3"
    readable-stream "^3.1.1"
    stream-shift "^1.0.0"

emitter-component@^1.1.1:
  version "1.1.1"
  resolved "https://registry.npmjs.org/emitter-component/-/emitter-component-1.1.1.tgz#065e2dbed6959bf470679edabeaf7981d1003ab6"
  integrity sha1-Bl4tvtaVm/RwZ57avq95gdEAOrY=

end-of-stream@^1.1.0, end-of-stream@^1.4.1:
  version "1.4.4"
  resolved "https://registry.npmjs.org/end-of-stream/-/end-of-stream-1.4.4.tgz#5ae64a5f45057baf3626ec14da0ca5e4b2431eb0"
  integrity sha512-+uw1inIHVPQoaVuHzRyXd21icM+cnt4CzD5rW+NC1wjOUSTOs+Te7FOv7AhN7vS9x/oIyhLP5PR1H+phQAHu5Q==
  dependencies:
    once "^1.4.0"

es6-promise@^4.2.8:
  version "4.2.8"
  resolved "https://registry.npmjs.org/es6-promise/-/es6-promise-4.2.8.tgz#4eb21594c972bc40553d276e510539143db53e0a"
  integrity sha512-HJDGx5daxeIvxdBxvG2cb9g4tEvwIk3i8+nhX0yGrYmZUzbkdg8QbDevheDB8gd0//uPj4c1EQua8Q+MViT0/w==

extract-zip@^2.0.0:
  version "2.0.1"
  resolved "https://registry.npmjs.org/extract-zip/-/extract-zip-2.0.1.tgz#663dca56fe46df890d5f131ef4a06d22bb8ba13a"
  integrity sha512-GDhU9ntwuKyGXdZBUgTIe+vXnWj0fppUEtMDL0+idd5Sta8TGpHssn/eusA9mrPr9qNDym6SxAYZjNvCn/9RBg==
  dependencies:
    debug "^4.1.1"
    get-stream "^5.1.0"
    yauzl "^2.10.0"
  optionalDependencies:
    "@types/yauzl" "^2.9.1"

fast-json-parse@^1.0.3:
  version "1.0.3"
  resolved "https://registry.npmjs.org/fast-json-parse/-/fast-json-parse-1.0.3.tgz#43e5c61ee4efa9265633046b770fb682a7577c4d"
  integrity sha512-FRWsaZRWEJ1ESVNbDWmsAlqDk96gPQezzLghafp5J4GUKjbCz3OkAHuZs5TuPEtkbVQERysLp9xv6c24fBm8Aw==

fast-redact@^2.0.0:
  version "2.0.0"
  resolved "https://registry.npmjs.org/fast-redact/-/fast-redact-2.0.0.tgz#17bb8f5e1f56ecf4a38c8455985e5eab4c478431"
  integrity sha512-zxpkULI9W9MNTK2sJ3BpPQrTEXFNESd2X6O1tXMFpK/XM0G5c5Rll2EVYZH2TqI3xRGK/VaJ+eEOt7pnENJpeA==

fast-redact@^3.0.0:
  version "3.0.0"
  resolved "https://registry.npmjs.org/fast-redact/-/fast-redact-3.0.0.tgz#ac2f9e36c9f4976f5db9fb18c6ffbaf308cf316d"
  integrity sha512-a/S/Hp6aoIjx7EmugtzLqXmcNsyFszqbt6qQ99BdG61QjBZF6shNis0BYR6TsZOQ1twYc0FN2Xdhwwbv6+KD0w==

fast-safe-stringify@^2.0.7:
  version "2.0.7"
  resolved "https://registry.npmjs.org/fast-safe-stringify/-/fast-safe-stringify-2.0.7.tgz#124aa885899261f68aedb42a7c080de9da608743"
  integrity sha512-Utm6CdzT+6xsDk2m8S6uL8VHxNwI6Jub+e9NYTcAms28T84pTa25GJQV9j0CY0N1rM8hK4x6grpF2BQf+2qwVA==

fd-slicer@~1.1.0:
  version "1.1.0"
  resolved "https://registry.npmjs.org/fd-slicer/-/fd-slicer-1.1.0.tgz#25c7c89cb1f9077f8891bbe61d8f390eae256f1e"
  integrity sha1-JcfInLH5B3+IkbvmHY85Dq4lbx4=
  dependencies:
    pend "~1.2.0"

find-up@^4.0.0:
  version "4.1.0"
  resolved "https://registry.npmjs.org/find-up/-/find-up-4.1.0.tgz#97afe7d6cdc0bc5928584b7c8d7b16e8a9aa5d19"
  integrity sha512-PpOwAdQ/YlXQ2vj8a3h8IipDuYRi3wceVQQGYWxNINccq40Anw7BlsEXCMbt1Zt+OLA6Fq9suIpIWD0OsnISlw==
  dependencies:
    locate-path "^5.0.0"
    path-exists "^4.0.0"

flatstr@^1.0.12:
  version "1.0.12"
  resolved "https://registry.npmjs.org/flatstr/-/flatstr-1.0.12.tgz#c2ba6a08173edbb6c9640e3055b95e287ceb5931"
  integrity sha512-4zPxDyhCyiN2wIAtSLI6gc82/EjqZc1onI4Mz/l0pWrAlsSfYH/2ZIcU+e3oA2wDwbzIWNKwa23F8rh6+DRWkw==

flexsearch@^0.6.32:
  version "0.6.32"
  resolved "https://registry.npmjs.org/flexsearch/-/flexsearch-0.6.32.tgz#1e20684d317af65baa445cdd9864a5f5b320f510"
  integrity sha512-EF1BWkhwoeLtbIlDbY/vDSLBen/E5l/f1Vg7iX5CDymQCamcx1vhlc3tIZxIDplPjgi0jhG37c67idFbjg+v+Q==

follow-redirects@^1.10.0:
  version "1.13.2"
  resolved "https://registry.npmjs.org/follow-redirects/-/follow-redirects-1.13.2.tgz#dd73c8effc12728ba5cf4259d760ea5fb83e3147"
  integrity sha512-6mPTgLxYm3r6Bkkg0vNM0HTjfGrOEtsfbhagQvbxDEsEkpNhw582upBaoRZylzen6krEmxXJgt9Ju6HiI4O7BA==

fs-constants@^1.0.0:
  version "1.0.0"
  resolved "https://registry.npmjs.org/fs-constants/-/fs-constants-1.0.0.tgz#6be0de9be998ce16af8afc24497b9ee9b7ccd9ad"
  integrity sha512-y6OAwoSIf7FyjMIv94u+b5rdheZEjzR63GTyZJm5qh4Bi+2YgwLCcI/fPFZkL5PSixOt6ZNKm+w+Hfp/Bciwow==

fs.realpath@^1.0.0:
  version "1.0.0"
  resolved "https://registry.npmjs.org/fs.realpath/-/fs.realpath-1.0.0.tgz#1504ad2523158caa40db4a2787cb01411994ea4f"
  integrity sha1-FQStJSMVjKpA20onh8sBQRmU6k8=

get-stream@^5.1.0:
  version "5.1.0"
  resolved "https://registry.npmjs.org/get-stream/-/get-stream-5.1.0.tgz#01203cdc92597f9b909067c3e656cc1f4d3c4dc9"
  integrity sha512-EXr1FOzrzTfGeL0gQdeFEvOMm2mzMOglyiOXSTpPC+iAjAKftbr3jpCMWynogwYnM+eSj9sHGc6wjIcDvYiygw==
  dependencies:
    pump "^3.0.0"

glob@^7.1.3:
  version "7.1.6"
  resolved "https://registry.npmjs.org/glob/-/glob-7.1.6.tgz#141f33b81a7c2492e125594307480c46679278a6"
  integrity sha512-LwaxwyZ72Lk7vZINtNNrywX0ZuLyStrdDtabefZKAY5ZGJhVtgdznluResxNmPitE0SAO+O26sWTHeKSI2wMBA==
  dependencies:
    fs.realpath "^1.0.0"
    inflight "^1.0.4"
    inherits "2"
    minimatch "^3.0.4"
    once "^1.3.0"
    path-is-absolute "^1.0.0"

html-entities@^2.0.6:
  version "2.1.0"
  resolved "https://registry.npmjs.org/html-entities/-/html-entities-2.1.0.tgz#f5de1f8d5e1f16859a74aa73a90f0db502ca723a"
  integrity sha512-u+OHVGMH5P1HlaTFp3M4HolRnWepgx5rAnYBo+7/TrBZahuJjgQ4TMv2GjQ4IouGDzkgXYeOI/NQuF95VOUOsQ==

https-proxy-agent@^4.0.0:
  version "4.0.0"
  resolved "https://registry.npmjs.org/https-proxy-agent/-/https-proxy-agent-4.0.0.tgz#702b71fb5520a132a66de1f67541d9e62154d82b"
  integrity sha512-zoDhWrkR3of1l9QAL8/scJZyLu8j/gBkcwcaQOZh7Gyh/+uJQzGVETdgT30akuwkpL8HTRfssqI3BZuV18teDg==
  dependencies:
    agent-base "5"
    debug "4"

ieee754@^1.1.4:
  version "1.1.13"
  resolved "https://registry.npmjs.org/ieee754/-/ieee754-1.1.13.tgz#ec168558e95aa181fd87d37f55c32bbcb6708b84"
  integrity sha512-4vf7I2LYV/HaWerSo3XmlMkp5eZ83i+/CDluXi/IGTs/O1sejBNhTtnxzmRZfvOUqj7lZjqHkeTvpgSFDlWZTg==

inflight@^1.0.4:
  version "1.0.6"
  resolved "https://registry.npmjs.org/inflight/-/inflight-1.0.6.tgz#49bd6331d7d02d0c09bc910a1075ba8165b56df9"
  integrity sha1-Sb1jMdfQLQwJvJEKEHW6gWW1bfk=
  dependencies:
    once "^1.3.0"
    wrappy "1"

inherits@2, inherits@^2.0.3, inherits@^2.0.4, inherits@~2.0.3:
  version "2.0.4"
  resolved "https://registry.npmjs.org/inherits/-/inherits-2.0.4.tgz#0fa2c64f932917c3433a0ded55363aae37416b7c"
  integrity sha512-k/vGaX4/Yla3WzyMCvTQOXYeIHvqOKtnqBduzTHpzpQZzAskKMhZ2K+EnBiSM9zGSoIFeMpXKxa4dYeZIQqewQ==

isarray@~1.0.0:
  version "1.0.0"
  resolved "https://registry.yarnpkg.com/isarray/-/isarray-1.0.0.tgz#bb935d48582cba168c06834957a54a3e07124f11"
  integrity sha1-u5NdSFgsuhaMBoNJV6VKPgcSTxE=

isomorphic-fetch@^3.0.0:
  version "3.0.0"
  resolved "https://registry.yarnpkg.com/isomorphic-fetch/-/isomorphic-fetch-3.0.0.tgz#0267b005049046d2421207215d45d6a262b8b8b4"
  integrity sha512-qvUtwJ3j6qwsF3jLxkZ72qCgjMysPzDfeV240JHiGZsANBYd+EEuu35v7dfrJ9Up0Ak07D7GGSkGhCHTqg/5wA==
  dependencies:
    node-fetch "^2.6.1"
    whatwg-fetch "^3.4.1"

joi@*:
  version "17.3.0"
  resolved "https://registry.npmjs.org/joi/-/joi-17.3.0.tgz#f1be4a6ce29bc1716665819ac361dfa139fff5d2"
  integrity sha512-Qh5gdU6niuYbUIUV5ejbsMiiFmBdw8Kcp8Buj2JntszCkCfxJ9Cz76OtHxOZMPXrt5810iDIXs+n1nNVoquHgg==
  dependencies:
    "@hapi/hoek" "^9.0.0"
    "@hapi/topo" "^5.0.0"
    "@sideway/address" "^4.1.0"
    "@sideway/formula" "^3.0.0"
    "@sideway/pinpoint" "^2.0.0"

lambdafs@^2.0.0:
  version "2.0.0"
  resolved "https://registry.yarnpkg.com/lambdafs/-/lambdafs-2.0.0.tgz#41c982486cdf5357d6ae447c47506e7b01952c40"
  integrity sha512-aLZoFHQGOj1gShKC8xjbVcxkSVMTav6kN/+bAJ/ORTWzTA+TeUKZRjzIIFFER5wUHd2FyJd3KygdFJobH2I9cg==
  dependencies:
    tar-fs "^2.1.0"

locate-path@^5.0.0:
  version "5.0.0"
  resolved "https://registry.npmjs.org/locate-path/-/locate-path-5.0.0.tgz#1afba396afd676a6d42504d0a67a3a7eb9f62aa0"
  integrity sha512-t7hw9pI+WvuwNJXwk5zVHpyhIqzg2qTlklJOf0mVxGSbe3Fp2VieZcduNYjaLDoy6p9uGpQEGWG87WpMKlNq8g==
  dependencies:
    p-locate "^4.1.0"

lodash.clonedeep@^4.5.0:
  version "4.5.0"
  resolved "https://registry.npmjs.org/lodash.clonedeep/-/lodash.clonedeep-4.5.0.tgz#e23f3f9c4f8fbdde872529c1071857a086e5ccef"
  integrity sha1-4j8/nE+Pvd6HJSnBBxhXoIblzO8=

lodash.isplainobject@^4.0.6:
  version "4.0.6"
  resolved "https://registry.npmjs.org/lodash.isplainobject/-/lodash.isplainobject-4.0.6.tgz#7c526a52d89b45c45cc690b88163be0497f550cb"
  integrity sha1-fFJqUtibRcRcxpC4gWO+BJf1UMs=

lodash.trim@^4.5.1:
  version "4.5.1"
  resolved "https://registry.npmjs.org/lodash.trim/-/lodash.trim-4.5.1.tgz#36425e7ee90be4aa5e27bcebb85b7d11ea47aa57"
  integrity sha1-NkJefukL5KpeJ7zruFt9EepHqlc=

lodash.without@^4.4.0:
  version "4.4.0"
  resolved "https://registry.npmjs.org/lodash.without/-/lodash.without-4.4.0.tgz#3cd4574a00b67bae373a94b748772640507b7aac"
  integrity sha1-PNRXSgC2e643OpS3SHcmQFB7eqw=

lodash@^4.17.15:
  version "4.17.19"
  resolved "https://registry.npmjs.org/lodash/-/lodash-4.17.19.tgz#e48ddedbe30b3321783c5b4301fbd353bc1e4a4b"
  integrity sha512-JNvd8XER9GQX0v2qJgsaN/mzFCNA5BRe/j8JN9d+tWyGLSodKQHKFicdwNYzWwI3wjRnaKPsGj1XkBjx/F96DQ==

logflare-transport-core@^0.2.5:
  version "0.2.5"
  resolved "https://registry.npmjs.org/logflare-transport-core/-/logflare-transport-core-0.2.5.tgz#08b8faa4af8b2bf33905ba3f0e1c0792f119f152"
  integrity sha512-CufxlLL81hAnJgaO8UL4AkeeyUHwrwEhcjI+w0VJY/5U7NaA5nwc+pyTXrTXH76UxHttauegGIjX2FfeA2XoQg==
  dependencies:
    "@types/lodash" "^4.14.153"
    axios "^0.21.1"
    big-integer "^1.6.48"
    bignumber.js "^9.0.0"
    decimal.js "^10.2.0"
    lodash "^4.17.15"

make-error@^1.1.1:
  version "1.3.6"
  resolved "https://registry.npmjs.org/make-error/-/make-error-1.3.6.tgz#2eb2e37ea9b67c4891f684a1394799af484cf7a2"
  integrity sha512-s8UhlNe7vPKomQhC1qFelMokr/Sc3AgNbso3n74mVPA5LTZwkB9NlXf4XPamLxJE8h0gh73rM94xvwRT2CVInw==

minimatch@^3.0.4:
  version "3.0.4"
  resolved "https://registry.npmjs.org/minimatch/-/minimatch-3.0.4.tgz#5166e286457f03306064be5497e8dbb0c3d32083"
  integrity sha512-yJHVQEhyqPLUTgt9B83PXu6W3rx4MvvHvSUvToogpwoGDOUQ+yDrR0HRot+yOCdCO7u4hX3pWft6kWBBcqh0UA==
  dependencies:
    brace-expansion "^1.1.7"

mkdirp-classic@^0.5.2:
  version "0.5.3"
  resolved "https://registry.npmjs.org/mkdirp-classic/-/mkdirp-classic-0.5.3.tgz#fa10c9115cc6d8865be221ba47ee9bed78601113"
  integrity sha512-gKLcREMhtuZRwRAfqP3RFW+TK4JqApVBtOIftVgjuABpAtpxhPGaDcfvbhNvD0B8iD1oUr/txX35NjcaY6Ns/A==

ms@^2.1.1:
  version "2.1.2"
  resolved "https://registry.npmjs.org/ms/-/ms-2.1.2.tgz#d09d1f357b443f493382a8eb3ccd183872ae6009"
  integrity sha512-sGkPx+VjMtmA6MX27oA4FBFELFCZZ4S4XqeGOXCv68tT+jb3vk/RyaKWP0PTKyWtmLSM0b+adUTEvbs1PEaH2w==

multipipe@^4.0.0:
  version "4.0.0"
  resolved "https://registry.yarnpkg.com/multipipe/-/multipipe-4.0.0.tgz#d302554ae664c1157dbfd1e8f98f03c517b3948a"
  integrity sha512-jzcEAzFXoWwWwUbvHCNPwBlTz3WCWe/jPcXSmTfbo/VjRwRTfvLZ/bdvtiTdqCe8d4otCSsPCbhGYcX+eggpKQ==
  dependencies:
    duplexer2 "^0.1.2"
    object-assign "^4.1.0"

node-fetch@^2.6.1:
  version "2.6.1"
  resolved "https://registry.yarnpkg.com/node-fetch/-/node-fetch-2.6.1.tgz#045bd323631f76ed2e2b55573394416b639a0052"
  integrity sha512-V4aYg89jEoVRxRb2fJdAg8FHvI7cEyYdVAh94HH0UIK8oJxUfkjlDQN9RbMx+bEjP7+ggMiFRprSti032Oipxw==

normalize-url@^5.3.0:
  version "5.3.0"
  resolved "https://registry.npmjs.org/normalize-url/-/normalize-url-5.3.0.tgz#8959b3cdaa295b61592c1f245dded34b117618dd"
  integrity sha512-9/nOVLYYe/dO/eJeQUNaGUF4m4Z5E7cb9oNTKabH+bNf19mqj60txTcveQxL0GlcWLXCxkOu2/LwL8oW0idIDA==

object-assign@^4.1.0:
  version "4.1.1"
  resolved "https://registry.yarnpkg.com/object-assign/-/object-assign-4.1.1.tgz#2109adc7965887cfc05cbbd442cac8bfbb360863"
  integrity sha1-IQmtx5ZYh8/AXLvUQsrIv7s2CGM=

once@^1.3.0, once@^1.3.1, once@^1.4.0:
  version "1.4.0"
  resolved "https://registry.npmjs.org/once/-/once-1.4.0.tgz#583b1aa775961d4b113ac17d9c50baef9dd76bd1"
  integrity sha1-WDsap3WWHUsROsF9nFC6753Xa9E=
  dependencies:
    wrappy "1"

p-limit@^2.2.0:
  version "2.3.0"
  resolved "https://registry.npmjs.org/p-limit/-/p-limit-2.3.0.tgz#3dd33c647a214fdfffd835933eb086da0dc21db1"
  integrity sha512-//88mFWSJx8lxCzwdAABTJL2MyWB12+eIY7MDL2SqLmAkeKU9qxRvWuSyTjm3FUmpBEMuFfckAIqEaVGUDxb6w==
  dependencies:
    p-try "^2.0.0"

p-locate@^4.1.0:
  version "4.1.0"
  resolved "https://registry.npmjs.org/p-locate/-/p-locate-4.1.0.tgz#a3428bb7088b3a60292f66919278b7c297ad4f07"
  integrity sha512-R79ZZ/0wAxKGu3oYMlz8jy/kbhsNrS7SKZ7PxEHBgJ5+F2mtFW2fK2cOtBh1cHYkQsbzFV7I+EoRKe6Yt0oK7A==
  dependencies:
    p-limit "^2.2.0"

p-try@^2.0.0:
  version "2.2.0"
  resolved "https://registry.npmjs.org/p-try/-/p-try-2.2.0.tgz#cb2868540e313d61de58fafbe35ce9004d5540e6"
  integrity sha512-R4nPAVTAU0B9D35/Gk3uJf/7XYbQcyohSKdvAxIRSNghFl4e71hVoGnBNQz9cWaXxO2I10KTC+3jMdvvoKw6dQ==

path-exists@^4.0.0:
  version "4.0.0"
  resolved "https://registry.npmjs.org/path-exists/-/path-exists-4.0.0.tgz#513bdbe2d3b95d7762e8c1137efa195c6c61b5b3"
  integrity sha512-ak9Qy5Q7jYb2Wwcey5Fpvg2KoAc/ZIhLSLOSBmRmygPsGwkVVt0fZa0qrtMz+m6tJTAHfZQ8FnmB4MG4LWy7/w==

path-is-absolute@^1.0.0:
  version "1.0.1"
  resolved "https://registry.npmjs.org/path-is-absolute/-/path-is-absolute-1.0.1.tgz#174b9268735534ffbc7ace6bf53a5a9e1b5c5f5f"
  integrity sha1-F0uSaHNVNP+8es5r9TpanhtcX18=

pend@~1.2.0:
  version "1.2.0"
  resolved "https://registry.npmjs.org/pend/-/pend-1.2.0.tgz#7a57eb550a6783f9115331fcf4663d5c8e007a50"
  integrity sha1-elfrVQpng/kRUzH89GY9XI4AelA=

pino-logflare@^0.3.7:
  version "0.3.7"
  resolved "https://registry.npmjs.org/pino-logflare/-/pino-logflare-0.3.7.tgz#dda8e7de878037d00fbfe7c3bcf07b153b931da1"
  integrity sha512-gHuebh/Jhy/2j0eJS+EeandbpJ0z8K/l8+FlrqVNTCD3alHtrjFlaC42pA+wMwR+srRajg0JHxAmahiZ2q0wjg==
  dependencies:
    axios "^0.21.1"
    batch2 "^1.0.6"
    commander "^5.0.0"
    fast-json-parse "^1.0.3"
    lodash "^4.17.15"
    logflare-transport-core "^0.2.5"
    pino "^6.3.2"
    pumpify "^2.0.1"
    split2 "^3.1.1"
    stream "0.0.2"
    through2 "^3.0.1"

pino-std-serializers@^2.4.2:
  version "2.4.2"
  resolved "https://registry.npmjs.org/pino-std-serializers/-/pino-std-serializers-2.4.2.tgz#cb5e3e58c358b26f88969d7e619ae54bdfcc1ae1"
  integrity sha512-WaL504dO8eGs+vrK+j4BuQQq6GLKeCCcHaMB2ItygzVURcL1CycwNEUHTD/lHFHs/NL5qAz2UKrjYWXKSf4aMQ==

pino-std-serializers@^3.1.0:
  version "3.2.0"
  resolved "https://registry.npmjs.org/pino-std-serializers/-/pino-std-serializers-3.2.0.tgz#b56487c402d882eb96cd67c257868016b61ad671"
  integrity sha512-EqX4pwDPrt3MuOAAUBMU0Tk5kR/YcCM5fNPEzgCO2zJ5HfX0vbiH9HbJglnyeQsN96Kznae6MWD47pZB5avTrg==

pino@^6.11.0:
  version "6.11.0"
  resolved "https://registry.npmjs.org/pino/-/pino-6.11.0.tgz#c474712d462f1de524cf885257d21271d1ab7c16"
  integrity sha512-VPqEE2sU1z6wqkTtr7DdTktayTNE/JgeuWjfXh9g/TI6X7venzv4gaoU24/jSywf6bBeDfZRHWEeO/6f8bNppA==
  dependencies:
    fast-redact "^3.0.0"
    fast-safe-stringify "^2.0.7"
    flatstr "^1.0.12"
    pino-std-serializers "^3.1.0"
    quick-format-unescaped "^4.0.1"
    sonic-boom "^1.0.2"

pino@^6.3.2:
  version "6.4.1"
  resolved "https://registry.npmjs.org/pino/-/pino-6.4.1.tgz#6173dcdc1e647ae17ddbc4a412d1f12d3d2ab9b5"
  integrity sha512-1zDSQworQZw14tvqjuW5aj5GV5oUQpV5Bz5wnpVVltVPBzaOoV1Dv+oKn1xNCz2CCkOyZd+kkdlel9lCLBYl+Q==
  dependencies:
    fast-redact "^2.0.0"
    fast-safe-stringify "^2.0.7"
    flatstr "^1.0.12"
    pino-std-serializers "^2.4.2"
    quick-format-unescaped "^4.0.1"
    sonic-boom "^1.0.0"

pkg-dir@^4.2.0:
  version "4.2.0"
  resolved "https://registry.npmjs.org/pkg-dir/-/pkg-dir-4.2.0.tgz#f099133df7ede422e81d1d8448270eeb3e4261f3"
  integrity sha512-HRDzbaKjC+AOWVXxAU/x54COGeIv9eb+6CkDSQoNTt4XyWoIJvuPsXizxu/Fr23EiekbtZwmh1IcIG/l/a10GQ==
  dependencies:
    find-up "^4.0.0"

process-nextick-args@~2.0.0:
  version "2.0.1"
  resolved "https://registry.yarnpkg.com/process-nextick-args/-/process-nextick-args-2.0.1.tgz#7820d9b16120cc55ca9ae7792680ae7dba6d7fe2"
  integrity sha512-3ouUOpQhtgrbOa17J7+uxOTpITYWaGP7/AhoR3+A+/1e9skrzelGi/dXzEYyvbxubEF6Wn2ypscTKiKJFFn1ag==

progress@^2.0.1:
  version "2.0.3"
  resolved "https://registry.npmjs.org/progress/-/progress-2.0.3.tgz#7e8cf8d8f5b8f239c1bc68beb4eb78567d572ef8"
  integrity sha512-7PiHtLll5LdnKIMw100I+8xJXR5gW2QwWYkT6iJva0bXitZKa/XMrSbdmg3r2Xnaidz9Qumd0VPaMrZlF9V9sA==

proxy-from-env@^1.0.0:
  version "1.1.0"
  resolved "https://registry.npmjs.org/proxy-from-env/-/proxy-from-env-1.1.0.tgz#e102f16ca355424865755d2c9e8ea4f24d58c3e2"
  integrity sha512-D+zkORCbA9f1tdWRK0RaCR3GPv50cMxcrz4X8k5LTSUD1Dkw47mKJEZQNunItRTkWwgtaUSo1RVFRIG9ZXiFYg==

pump@^3.0.0:
  version "3.0.0"
  resolved "https://registry.npmjs.org/pump/-/pump-3.0.0.tgz#b4a2116815bde2f4e1ea602354e8c75565107a64"
  integrity sha512-LwZy+p3SFs1Pytd/jYct4wpv49HiYCqd9Rlc5ZVdk0V+8Yzv6jR5Blk3TRmPL1ft69TxP0IMZGJ+WPFU2BFhww==
  dependencies:
    end-of-stream "^1.1.0"
    once "^1.3.1"

pumpify@^2.0.1:
  version "2.0.1"
  resolved "https://registry.npmjs.org/pumpify/-/pumpify-2.0.1.tgz#abfc7b5a621307c728b551decbbefb51f0e4aa1e"
  integrity sha512-m7KOje7jZxrmutanlkS1daj1dS6z6BgslzOXmcSEpIlCxM3VJH7lG5QLeck/6hgF6F4crFf01UtQmNsJfweTAw==
  dependencies:
    duplexify "^4.1.1"
    inherits "^2.0.3"
    pump "^3.0.0"

puppeteer-core@5.5.0:
  version "5.5.0"
  resolved "https://registry.npmjs.org/puppeteer-core/-/puppeteer-core-5.5.0.tgz#dfb6266efe5a933cbf1a368d27025a6fd4f5a884"
  integrity sha512-tlA+1n+ziW/Db03hVV+bAecDKse8ihFRXYiEypBe9IlLRvOCzYFG6qrCMBYK34HO/Q/Ecjc+tvkHRAfLVH+NgQ==
  dependencies:
    debug "^4.1.0"
    devtools-protocol "0.0.818844"
    extract-zip "^2.0.0"
    https-proxy-agent "^4.0.0"
    node-fetch "^2.6.1"
    pkg-dir "^4.2.0"
    progress "^2.0.1"
    proxy-from-env "^1.0.0"
    rimraf "^3.0.2"
    tar-fs "^2.0.0"
    unbzip2-stream "^1.3.3"
    ws "^7.2.3"

query-string@^6.13.8:
  version "6.13.8"
  resolved "https://registry.npmjs.org/query-string/-/query-string-6.13.8.tgz#8cf231759c85484da3cf05a851810d8e825c1159"
  integrity sha512-jxJzQI2edQPE/NPUOusNjO/ZOGqr1o2OBa/3M00fU76FsLXDVbJDv/p7ng5OdQyorKrkRz1oqfwmbe5MAMePQg==
  dependencies:
    decode-uri-component "^0.2.0"
    split-on-first "^1.0.0"
    strict-uri-encode "^2.0.0"

quick-format-unescaped@^4.0.1:
  version "4.0.1"
  resolved "https://registry.npmjs.org/quick-format-unescaped/-/quick-format-unescaped-4.0.1.tgz#437a5ea1a0b61deb7605f8ab6a8fd3858dbeb701"
  integrity sha512-RyYpQ6Q5/drsJyOhrWHYMWTedvjTIat+FTwv0K4yoUxzvekw2aRHMQJLlnvt8UantkZg2++bEzD9EdxXqkWf4A==

ranges-apply@^5.0.2:
  version "5.0.2"
  resolved "https://registry.npmjs.org/ranges-apply/-/ranges-apply-5.0.2.tgz#44be3bca410a0d5a66effa7dcf1584ecf7ab8eec"
  integrity sha512-hUonAFByFiQnc6HQDjFJFa1PYKKVWCZ8gv0DRF9VJxWc/MOZFkGfO3j8XyNWQUO86U6CMPPGPj++T4hKI64luA==
  dependencies:
    "@babel/runtime" "^7.12.5"
    ranges-merge "^7.0.2"

ranges-merge@^7.0.2:
  version "7.0.2"
  resolved "https://registry.npmjs.org/ranges-merge/-/ranges-merge-7.0.2.tgz#399b6ad8b0c50262d6ae9972c93ad2d16fc06e06"
  integrity sha512-rgcnYgT5b2bM06KQ3nUvkDkjSqZdstP90WOxAgoB1oPyTiPwsTmUujGZJSefwxnAWtIeXpSuuHkWM4Zcf/KLLQ==
  dependencies:
    "@babel/runtime" "^7.12.5"
    ranges-push "^5.0.2"
    ranges-sort "^4.0.2"

ranges-push@^5.0.2:
  version "5.0.2"
  resolved "https://registry.npmjs.org/ranges-push/-/ranges-push-5.0.2.tgz#8684f80f37771953eaa9f4b3a5d2632bbeacc850"
  integrity sha512-i04V0SeXWkCko2ekxMG9m0TngBR19Z3+C5BtSS2y4l5Jdm9h/ihweolf4TiRvaHEOuqTXTfKVjpFzbbGwd5SMQ==
  dependencies:
    "@babel/runtime" "^7.12.5"
    ranges-merge "^7.0.2"
    string-collapse-leading-whitespace "^5.0.2"
    string-trim-spaces-only "^3.0.2"

ranges-sort@^4.0.2:
  version "4.0.2"
  resolved "https://registry.npmjs.org/ranges-sort/-/ranges-sort-4.0.2.tgz#7ac276c9b99f2a3f6e2c2ce00ea05858d11dc03c"
  integrity sha512-c5NXzH7McPg2xN84GRiIaqn7dVPulaKy05wzNWmIRD8J5q/D5cGW5QQ5x/pUKeQFC/ujxFmTeNSOYQinvaKB8w==
  dependencies:
    "@babel/runtime" "^7.12.5"

"readable-stream@2 || 3", readable-stream@^3.0.0, readable-stream@^3.1.1, readable-stream@^3.4.0:
  version "3.6.0"
  resolved "https://registry.npmjs.org/readable-stream/-/readable-stream-3.6.0.tgz#337bbda3adc0706bd3e024426a286d4b4b2c9198"
  integrity sha512-BViHy7LKeTz4oNnkcLJ+lVSL6vpiFeX6/d3oSH8zCW7UxP2onchk+vTGB143xuFjHS3deTgkKoXXymXqymiIdA==
  dependencies:
    inherits "^2.0.3"
    string_decoder "^1.1.1"
    util-deprecate "^1.0.1"

readable-stream@^2.0.2:
  version "2.3.7"
  resolved "https://registry.yarnpkg.com/readable-stream/-/readable-stream-2.3.7.tgz#1eca1cf711aef814c04f62252a36a62f6cb23b57"
  integrity sha512-Ebho8K4jIbHAxnuxi7o42OrZgF/ZTNcsZj6nRKyUmkhLFq8CHItp/fy6hQZuZmP/n3yZ9VBUbp4zz/mX8hmYPw==
  dependencies:
    core-util-is "~1.0.0"
    inherits "~2.0.3"
    isarray "~1.0.0"
    process-nextick-args "~2.0.0"
    safe-buffer "~5.1.1"
    string_decoder "~1.1.1"
    util-deprecate "~1.0.1"

regenerator-runtime@^0.13.4:
  version "0.13.7"
  resolved "https://registry.npmjs.org/regenerator-runtime/-/regenerator-runtime-0.13.7.tgz#cac2dacc8a1ea675feaabaeb8ae833898ae46f55"
  integrity sha512-a54FxoJDIr27pgf7IgeQGxmqUNYrcV338lf/6gH456HZ/PhX+5BcwHXG9ajESmwe6WRO0tAzRUrRmNONWgkrew==

rimraf@^3.0.2:
  version "3.0.2"
  resolved "https://registry.npmjs.org/rimraf/-/rimraf-3.0.2.tgz#f1a5402ba6220ad52cc1282bac1ae3aa49fd061a"
  integrity sha512-JZkJMZkAGFFPP2YqXZXPbMlMBgsxzE8ILs4lMIX/2o0L9UBw9O/Y3o6wFw/i9YLapcUJWwqbi3kdxIPdC62TIA==
  dependencies:
    glob "^7.1.3"

safe-buffer@~5.1.0, safe-buffer@~5.1.1:
  version "5.1.2"
  resolved "https://registry.yarnpkg.com/safe-buffer/-/safe-buffer-5.1.2.tgz#991ec69d296e0313747d59bdfd2b745c35f8828d"
  integrity sha512-Gd2UZBJDkXlY7GbJxfsE8/nvKkUEU1G38c1siN6QP6a9PT9MmHB8GnpscSmMJSoF8LOIrt8ud/wPtojys4G6+g==

safe-buffer@~5.2.0:
  version "5.2.1"
  resolved "https://registry.npmjs.org/safe-buffer/-/safe-buffer-5.2.1.tgz#1eaf9fa9bdb1fdd4ec75f58f9cdb4e6b7827eec6"
  integrity sha512-rp3So07KcdmmKbGvgaNxQSJr7bGVSVk5S9Eq1F+ppbRo70+YeaDxkw5Dd8NPN+GD6bjnYm2VuPuCXmpuYvmCXQ==

sonic-boom@^1.0.0:
  version "1.0.2"
  resolved "https://registry.npmjs.org/sonic-boom/-/sonic-boom-1.0.2.tgz#8769646fac2ecb58bd0ed60562280aa4211598df"
  integrity sha512-sRMmXu7uFDXoniGvtLHuQk5KWovLWoi6WKASn7rw0ro41mPf0fOolkGp4NE6680CbxvNh26zWNyFQYYWXe33EA==
  dependencies:
    atomic-sleep "^1.0.0"
    flatstr "^1.0.12"

sonic-boom@^1.0.2:
  version "1.3.0"
  resolved "https://registry.yarnpkg.com/sonic-boom/-/sonic-boom-1.3.0.tgz#5c77c846ce6c395dddf2eb8e8e65f9cc576f2e76"
  integrity sha512-4nX6OYvOYr6R76xfQKi6cZpTO3YSWe/vd+QdIfoH0lBy0MnPkeAbb2rRWgmgADkXUeCKPwO1FZAKlAVWAadELw==
  dependencies:
    atomic-sleep "^1.0.0"
    flatstr "^1.0.12"

source-map-support@^0.5.17:
  version "0.5.19"
  resolved "https://registry.npmjs.org/source-map-support/-/source-map-support-0.5.19.tgz#a98b62f86dcaf4f67399648c085291ab9e8fed61"
  integrity sha512-Wonm7zOCIJzBGQdB+thsPar0kYuCIzYvxZwlBa87yi/Mdjv7Tip2cyVbLj5o0cFPN4EVkuTwb3GDDyUx2DGnGw==
  dependencies:
    buffer-from "^1.0.0"
    source-map "^0.6.0"

source-map@^0.6.0:
  version "0.6.1"
  resolved "https://registry.npmjs.org/source-map/-/source-map-0.6.1.tgz#74722af32e9614e9c287a8d0bbde48b5e2f1a263"
  integrity sha512-UjgapumWlbMhkBgzT7Ykc5YXUT46F0iKu8SGXq0bcwP5dz/h0Plj6enJqjz1Zbq2l5WaqYnrVbwWOWMyF3F47g==

split-on-first@^1.0.0:
  version "1.1.0"
  resolved "https://registry.npmjs.org/split-on-first/-/split-on-first-1.1.0.tgz#f610afeee3b12bce1d0c30425e76398b78249a5f"
  integrity sha512-43ZssAJaMusuKWL8sKUBQXHWOpq8d6CfN/u1p4gUzfJkM05C8rxTmYrkIPTXapZpORA6LkkzcUulJ8FqA7Uudw==

split2@^3.1.1:
  version "3.1.1"
  resolved "https://registry.npmjs.org/split2/-/split2-3.1.1.tgz#c51f18f3e06a8c4469aaab487687d8d956160bb6"
  integrity sha512-emNzr1s7ruq4N+1993yht631/JH+jaj0NYBosuKmLcq+JkGQ9MmTw1RB1fGaTCzUuseRIClrlSLHRNYGwWQ58Q==
  dependencies:
    readable-stream "^3.0.0"

split2@^3.2.2:
  version "3.2.2"
  resolved "https://registry.yarnpkg.com/split2/-/split2-3.2.2.tgz#bf2cf2a37d838312c249c89206fd7a17dd12365f"
  integrity sha512-9NThjpgZnifTkJpzTZ7Eue85S49QwpNhZTq6GRJwObb6jnLFNGB7Qm73V5HewTROPyxD0C29xqmaI68bQtV+hg==
  dependencies:
    readable-stream "^3.0.0"

stream-shift@^1.0.0:
  version "1.0.1"
  resolved "https://registry.npmjs.org/stream-shift/-/stream-shift-1.0.1.tgz#d7088281559ab2778424279b0877da3c392d5a3d"
  integrity sha512-AiisoFqQ0vbGcZgQPY1cdP2I76glaVA/RauYR4G4thNFgkTqr90yXTo4LYX60Jl+sIlPNHHdGSwo01AvbKUSVQ==

stream@0.0.2:
  version "0.0.2"
  resolved "https://registry.npmjs.org/stream/-/stream-0.0.2.tgz#7f5363f057f6592c5595f00bc80a27f5cec1f0ef"
  integrity sha1-f1Nj8Ff2WSxVlfALyAon9c7B8O8=
  dependencies:
    emitter-component "^1.1.1"

strict-uri-encode@^2.0.0:
  version "2.0.0"
  resolved "https://registry.npmjs.org/strict-uri-encode/-/strict-uri-encode-2.0.0.tgz#b9c7330c7042862f6b142dc274bbcc5866ce3546"
  integrity sha1-ucczDHBChi9rFC3CdLvMWGbONUY=

string-collapse-leading-whitespace@^5.0.2:
  version "5.0.2"
  resolved "https://registry.npmjs.org/string-collapse-leading-whitespace/-/string-collapse-leading-whitespace-5.0.2.tgz#aff562c8f0e0eb72e9d60b18fc6e7e13bb85d0ef"
  integrity sha512-aSL4NvJut6Ys3FphiPF3voRLM3NbZUbo5W1CB0s3wN0i6emo2Z3BBQEZueBs8mSxSC0kUZJQEZdfbVCTK6GlrA==
  dependencies:
    "@babel/runtime" "^7.12.5"

string-left-right@^4.0.2:
  version "4.0.2"
  resolved "https://registry.npmjs.org/string-left-right/-/string-left-right-4.0.2.tgz#e0dea721092ddd2bb2c32877bc862779118c5baf"
  integrity sha512-eMrP3O7danRIjhxSKqQn7OhYRg56jEtUv9t32hzFod6OX5BbF4F8PMas2ud0JFn8iJjWRSh0A8fg0siO6JiBoQ==
  dependencies:
    "@babel/runtime" "^7.12.5"
    lodash.clonedeep "^4.5.0"
    lodash.isplainobject "^4.0.6"

string-strip-html@^8.1.0:
  version "8.1.0"
  resolved "https://registry.npmjs.org/string-strip-html/-/string-strip-html-8.1.0.tgz#c1cf47bfde93aaff4fd93f9e8b9e5dbef2697a76"
  integrity sha512-CldUSH3DD3TiXm1YovUmfW/5Kd4V7AjcRP84C+pOppgBad/ue6sWVs+t0WpOYrfxsui8F0R6A+odZuz4eNseng==
  dependencies:
    "@babel/runtime" "^7.12.5"
    html-entities "^2.0.6"
    lodash.isplainobject "^4.0.6"
    lodash.trim "^4.5.1"
    lodash.without "^4.4.0"
    ranges-apply "^5.0.2"
    ranges-push "^5.0.2"
    string-left-right "^4.0.2"

string-trim-spaces-only@^3.0.2:
  version "3.0.2"
  resolved "https://registry.npmjs.org/string-trim-spaces-only/-/string-trim-spaces-only-3.0.2.tgz#ea2e299c2f018c6e819cd4b2160b86bd72faa7e6"
  integrity sha512-HVFPQtT/xDnVSn92eJQjLzI08JJv7/gwEim0DckSyFV0NTtoxORs7TxP1jjBd27JRlHY2G9HhLpYJ38FTqK/Vg==
  dependencies:
    "@babel/runtime" "^7.12.5"

string_decoder@^1.1.1:
  version "1.3.0"
  resolved "https://registry.npmjs.org/string_decoder/-/string_decoder-1.3.0.tgz#42f114594a46cf1a8e30b0a84f56c78c3edac21e"
  integrity sha512-hkRX8U1WjJFd8LsDJ2yQ/wWWxaopEsABU1XfkM8A+j0+85JAGppt16cr1Whg6KIbb4okU6Mql6BOj+uup/wKeA==
  dependencies:
    safe-buffer "~5.2.0"

string_decoder@~1.1.1:
  version "1.1.1"
  resolved "https://registry.yarnpkg.com/string_decoder/-/string_decoder-1.1.1.tgz#9cf1611ba62685d7030ae9e4ba34149c3af03fc8"
  integrity sha512-n/ShnvDi6FHbbVfviro+WojiFzv+s8MPMHBczVePfUpDJLwoLT0ht1l4YwBCbi8pJAveEEdnkHyPyTP/mzRfwg==
  dependencies:
    safe-buffer "~5.1.0"

strip-bom@^4.0.0:
  version "4.0.0"
  resolved "https://registry.yarnpkg.com/strip-bom/-/strip-bom-4.0.0.tgz#9c3505c1db45bcedca3d9cf7a16f5c5aa3901878"
  integrity sha512-3xurFv5tEgii33Zi8Jtp55wEIILR9eh34FAW00PZf+JnSsTmV/ioewSgQl97JHvgjoRGwPShsWm+IdrxB35d0w==

subtitle@^4.0.1:
  version "4.0.1"
  resolved "https://registry.yarnpkg.com/subtitle/-/subtitle-4.0.1.tgz#fd74aea1366b6abc25a3fe8f1e028a0aedcee154"
  integrity sha512-3ivC8kaSYjMSiVBjLNPd13nmsdtcEmBVm7lc6d1ODF3f6UfUrITwBbkOk064leqDECvdtbAHof/IJBG+q05GMA==
  dependencies:
    "@types/multipipe" "^3.0.0"
    multipipe "^4.0.0"
    split2 "^3.2.2"
    strip-bom "^4.0.0"

tar-fs@^2.0.0, tar-fs@^2.1.0:
  version "2.1.0"
  resolved "https://registry.yarnpkg.com/tar-fs/-/tar-fs-2.1.0.tgz#d1cdd121ab465ee0eb9ccde2d35049d3f3daf0d5"
  integrity sha512-9uW5iDvrIMCVpvasdFHW0wJPez0K4JnMZtsuIeDI7HyMGJNxmDZDOCQROr7lXyS+iL/QMpj07qcjGYTSdRFXUg==
  dependencies:
    chownr "^1.1.1"
    mkdirp-classic "^0.5.2"
    pump "^3.0.0"
    tar-stream "^2.0.0"

tar-stream@^2.0.0:
  version "2.1.3"
  resolved "https://registry.npmjs.org/tar-stream/-/tar-stream-2.1.3.tgz#1e2022559221b7866161660f118255e20fa79e41"
  integrity sha512-Z9yri56Dih8IaK8gncVPx4Wqt86NDmQTSh49XLZgjWpGZL9GK9HKParS2scqHCC4w6X9Gh2jwaU45V47XTKwVA==
  dependencies:
    bl "^4.0.1"
    end-of-stream "^1.4.1"
    fs-constants "^1.0.0"
    inherits "^2.0.3"
    readable-stream "^3.1.1"

through2@^3.0.1:
  version "3.0.2"
  resolved "https://registry.npmjs.org/through2/-/through2-3.0.2.tgz#99f88931cfc761ec7678b41d5d7336b5b6a07bf4"
  integrity sha512-enaDQ4MUyP2W6ZyT6EsMzqBPZaM/avg8iuo+l2d3QCs0J+6RaqkHV/2/lOwDTueBHeJ/2LG9lrLW3d5rWPucuQ==
  dependencies:
    inherits "^2.0.4"
    readable-stream "2 || 3"

through@^2.3.8:
  version "2.3.8"
  resolved "https://registry.npmjs.org/through/-/through-2.3.8.tgz#0dd4c9ffaabc357960b1b724115d7e0e86a2e1f5"
  integrity sha1-DdTJ/6q8NXlgsbckEV1+Doai4fU=

ts-node@8.9.1:
  version "8.9.1"
  resolved "https://registry.npmjs.org/ts-node/-/ts-node-8.9.1.tgz#2f857f46c47e91dcd28a14e052482eb14cfd65a5"
  integrity sha512-yrq6ODsxEFTLz0R3BX2myf0WBCSQh9A+py8PBo1dCzWIOcvisbyH6akNKqDHMgXePF2kir5mm5JXJTH3OUJYOQ==
  dependencies:
    arg "^4.1.0"
    diff "^4.0.1"
    make-error "^1.1.1"
    source-map-support "^0.5.17"
    yn "3.1.1"

typescript@3.9.3:
  version "3.9.3"
  resolved "https://registry.npmjs.org/typescript/-/typescript-3.9.3.tgz#d3ac8883a97c26139e42df5e93eeece33d610b8a"
  integrity sha512-D/wqnB2xzNFIcoBG9FG8cXRDjiqSTbG2wd8DMZeQyJlP1vfTkIxH4GKveWaEBYySKIg+USu+E+EDIR47SqnaMQ==

unbzip2-stream@^1.3.3:
  version "1.4.3"
  resolved "https://registry.npmjs.org/unbzip2-stream/-/unbzip2-stream-1.4.3.tgz#b0da04c4371311df771cdc215e87f2130991ace7"
  integrity sha512-mlExGW4w71ebDJviH16lQLtZS32VKqsSfk80GCfUlwT/4/hNRFsoscrF/c++9xinkMzECL1uL9DDwXqFWkruPg==
  dependencies:
    buffer "^5.2.1"
    through "^2.3.8"

util-deprecate@^1.0.1, util-deprecate@~1.0.1:
  version "1.0.2"
  resolved "https://registry.npmjs.org/util-deprecate/-/util-deprecate-1.0.2.tgz#450d4dc9fa70de732762fbd2d4a28981419a0ccf"
  integrity sha1-RQ1Nyfpw3nMnYvvS1KKJgUGaDM8=

whatwg-fetch@^3.4.1:
  version "3.4.1"
  resolved "https://registry.yarnpkg.com/whatwg-fetch/-/whatwg-fetch-3.4.1.tgz#e5f871572d6879663fa5674c8f833f15a8425ab3"
  integrity sha512-sofZVzE1wKwO+EYPbWfiwzaKovWiZXf4coEzjGP9b2GBVgQRLQUZ2QcuPpQExGDAW5GItpEm6Tl4OU5mywnAoQ==

wrappy@1:
  version "1.0.2"
  resolved "https://registry.npmjs.org/wrappy/-/wrappy-1.0.2.tgz#b5243d8f3ec1aa35f1364605bc0d1036e30ab69f"
  integrity sha1-tSQ9jz7BqjXxNkYFvA0QNuMKtp8=

ws@^7.2.3:
  version "7.3.1"
  resolved "https://registry.npmjs.org/ws/-/ws-7.3.1.tgz#d0547bf67f7ce4f12a72dfe31262c68d7dc551c8"
  integrity sha512-D3RuNkynyHmEJIpD2qrgVkc9DQ23OrN/moAwZX4L8DfvszsJxpjQuUq3LMx6HoYji9fbIOBY18XWBsAux1ZZUA==

yauzl@^2.10.0:
  version "2.10.0"
  resolved "https://registry.npmjs.org/yauzl/-/yauzl-2.10.0.tgz#c7eb17c93e112cb1086fa6d8e51fb0667b79a5f9"
  integrity sha1-x+sXyT4RLLEIb6bY5R+wZnt5pfk=
  dependencies:
    buffer-crc32 "~0.2.3"
    fd-slicer "~1.1.0"

yn@3.1.1:
  version "3.1.1"
  resolved "https://registry.npmjs.org/yn/-/yn-3.1.1.tgz#1e87401a09d767c1d5eab26a6e4c185182d2eb50"
  integrity sha512-Ux4ygGWsu2c7isFWe8Yu1YluJmqVhxqK2cLXNQA5AcC3QfbGNpM7fu0Y8b/z16pXLnFxZYvWhd3fhBY9DLmC6Q==
